
Microsoft Visual Studio Solution File, Format Version 12.00
# Visual Studio Version 16
VisualStudioVersion = 16.0.33328.57
MinimumVisualStudioVersion = 10.0.40219.1
Project("{FAE04EC0-301F-11D3-BF4B-00C04F79EFBC}") = "InvestmentAppProd", "InvestmentAppProd\InvestmentAppProd.csproj", "{D05A4DC1-CA95-44F7-AF35-88BDE5AE7E3A}"
EndProject
Project("{FAE04EC0-301F-11D3-BF4B-00C04F79EFBC}") = "InvestmentAppProd.Tests", "InvestmentAppProd.Tests\InvestmentAppProd.Tests.csproj", "{ADA4AC1E-4C93-442E-8715-E63F519DB0F6}"
EndProject
Global
	GlobalSection(SolutionConfigurationPlatforms) = preSolution
		Debug|Any CPU = Debug|Any CPU
		Release|Any CPU = Release|Any CPU
	EndGlobalSection
	GlobalSection(ProjectConfigurationPlatforms) = postSolution
		{D05A4DC1-CA95-44F7-AF35-88BDE5AE7E3A}.Debug|Any CPU.ActiveCfg = Debug|Any CPU
		{D05A4DC1-CA95-44F7-AF35-88BDE5AE7E3A}.Debug|Any CPU.Build.0 = Debug|Any CPU
		{D05A4DC1-CA95-44F7-AF35-88BDE5AE7E3A}.Release|Any CPU.ActiveCfg = Release|Any CPU
		{D05A4DC1-CA95-44F7-AF35-88BDE5AE7E3A}.Release|Any CPU.Build.0 = Release|Any CPU
		{ADA4AC1E-4C93-442E-8715-E63F519DB0F6}.Debug|Any CPU.ActiveCfg = Debug|Any CPU
		{ADA4AC1E-4C93-442E-8715-E63F519DB0F6}.Debug|Any CPU.Build.0 = Debug|Any CPU
		{ADA4AC1E-4C93-442E-8715-E63F519DB0F6}.Release|Any CPU.ActiveCfg = Release|Any CPU
		{ADA4AC1E-4C93-442E-8715-E63F519DB0F6}.Release|Any CPU.Build.0 = Release|Any CPU
	EndGlobalSection
	GlobalSection(SolutionProperties) = preSolution
		HideSolutionNode = FALSE
	EndGlobalSection
	GlobalSection(ExtensibilityGlobals) = postSolution
		SolutionGuid = {36BEDFBF-970D-4D99-89AA-14FB3458A772}
	EndGlobalSection
EndGlobal
